
Microsoft Visual Studio Solution File, Format Version 12.00
# Visual Studio Version 17
VisualStudioVersion = 17.14.36930.0 d17.14
MinimumVisualStudioVersion = 10.0.40219.1
Project("{FAE04EC0-301F-11D3-BF4B-00C04F79EFBC}") = "XGDTool", "XGDTool.csproj", "{FBA650DF-C2EE-4CF2-B118-39AB9AE3D8AA}"
EndProject
Global
	GlobalSection(SolutionConfigurationPlatforms) = preSolution
		Debug|Any CPU = Debug|Any CPU
		Release|Any CPU = Release|Any CPU
	EndGlobalSection
	GlobalSection(ProjectConfigurationPlatforms) = postSolution
		{FBA650DF-C2EE-4CF2-B118-39AB9AE3D8AA}.Debug|Any CPU.ActiveCfg = Debug|Any CPU
		{FBA650DF-C2EE-4CF2-B118-39AB9AE3D8AA}.Debug|Any CPU.Build.0 = Debug|Any CPU
		{FBA650DF-C2EE-4CF2-B118-39AB9AE3D8AA}.Release|Any CPU.ActiveCfg = Release|Any CPU
		{FBA650DF-C2EE-4CF2-B118-39AB9AE3D8AA}.Release|Any CPU.Build.0 = Release|Any CPU
	EndGlobalSection
	GlobalSection(SolutionProperties) = preSolution
		HideSolutionNode = FALSE
	EndGlobalSection
	GlobalSection(ExtensibilityGlobals) = postSolution
		SolutionGuid = {4AE34933-FD49-4696-91C2-C4BC367464F6}
	EndGlobalSection
EndGlobal
